
Microsoft Visual Studio Solution File, Format Version 12.00
# Visual Studio 15
VisualStudioVersion = 15.0.26430.16
MinimumVisualStudioVersion = 10.0.40219.1
Project("{FAE04EC0-301F-11D3-BF4B-00C04F79EFBC}") = "WebApplication", "WebApplication\WebApplication.csproj", "{1BD926A9-922E-44E0-A3BC-D5781F908D47}"
EndProject
Project("{FAE04EC0-301F-11D3-BF4B-00C04F79EFBC}") = "Evenimente", "Evenimente\Evenimente.csproj", "{58FC50B5-2816-4D92-BB9E-6F033BCC55F0}"
EndProject
Project("{FAE04EC0-301F-11D3-BF4B-00C04F79EFBC}") = "FacebookApi", "FacebookApi\FacebookApi.csproj", "{51A14D49-FCFC-4B94-AE11-F5F9E2C35A3B}"
EndProject
Global
	GlobalSection(SolutionConfigurationPlatforms) = preSolution
		Debug|Any CPU = Debug|Any CPU
		Release|Any CPU = Release|Any CPU
	EndGlobalSection
	GlobalSection(ProjectConfigurationPlatforms) = postSolution
		{1BD926A9-922E-44E0-A3BC-D5781F908D47}.Debug|Any CPU.ActiveCfg = Debug|Any CPU
		{1BD926A9-922E-44E0-A3BC-D5781F908D47}.Debug|Any CPU.Build.0 = Debug|Any CPU
		{1BD926A9-922E-44E0-A3BC-D5781F908D47}.Release|Any CPU.ActiveCfg = Release|Any CPU
		{1BD926A9-922E-44E0-A3BC-D5781F908D47}.Release|Any CPU.Build.0 = Release|Any CPU
		{58FC50B5-2816-4D92-BB9E-6F033BCC55F0}.Debug|Any CPU.ActiveCfg = Debug|Any CPU
		{58FC50B5-2816-4D92-BB9E-6F033BCC55F0}.Debug|Any CPU.Build.0 = Debug|Any CPU
		{58FC50B5-2816-4D92-BB9E-6F033BCC55F0}.Release|Any CPU.ActiveCfg = Release|Any CPU
		{58FC50B5-2816-4D92-BB9E-6F033BCC55F0}.Release|Any CPU.Build.0 = Release|Any CPU
		{51A14D49-FCFC-4B94-AE11-F5F9E2C35A3B}.Debug|Any CPU.ActiveCfg = Debug|Any CPU
		{51A14D49-FCFC-4B94-AE11-F5F9E2C35A3B}.Debug|Any CPU.Build.0 = Debug|Any CPU
		{51A14D49-FCFC-4B94-AE11-F5F9E2C35A3B}.Release|Any CPU.ActiveCfg = Release|Any CPU
		{51A14D49-FCFC-4B94-AE11-F5F9E2C35A3B}.Release|Any CPU.Build.0 = Release|Any CPU
	EndGlobalSection
	GlobalSection(SolutionProperties) = preSolution
		HideSolutionNode = FALSE
	EndGlobalSection
EndGlobal
